// !$*UTF8*$!
{
	archiveVersion = 1;
	classes = {
	};
	objectVersion = 50;
	objects = {

/* Begin PBXBuildFile section */
		01897D9C23961D8100D9E4FB /* AppDelegate.swift in Sources */ = {isa = PBXBuildFile; fileRef = 01897D9B23961D8100D9E4FB /* AppDelegate.swift */; };
		01897D9E23961D8100D9E4FB /* SceneDelegate.swift in Sources */ = {isa = PBXBuildFile; fileRef = 01897D9D23961D8100D9E4FB /* SceneDelegate.swift */; };
		01897DA023961D8100D9E4FB /* ContentView.swift in Sources */ = {isa = PBXBuildFile; fileRef = 01897D9F23961D8100D9E4FB /* ContentView.swift */; };
		01897DA223961D8200D9E4FB /* Assets.xcassets in Resources */ = {isa = PBXBuildFile; fileRef = 01897DA123961D8200D9E4FB /* Assets.xcassets */; };
		01897DA523961D8200D9E4FB /* Preview Assets.xcassets in Resources */ = {isa = PBXBuildFile; fileRef = 01897DA423961D8200D9E4FB /* Preview Assets.xcassets */; };
		01897DA823961D8200D9E4FB /* LaunchScreen.storyboard in Resources */ = {isa = PBXBuildFile; fileRef = 01897DA623961D8200D9E4FB /* LaunchScreen.storyboard */; };
		01897DB323961D8200D9E4FB /* TestSPMTests.swift in Sources */ = {isa = PBXBuildFile; fileRef = 01897DB223961D8200D9E4FB /* TestSPMTests.swift */; };
		01897DBE23961D8200D9E4FB /* TestSPMUITests.swift in Sources */ = {isa = PBXBuildFile; fileRef = 01897DBD23961D8200D9E4FB /* TestSPMUITests.swift */; };
		01897DD32396203200D9E4FB /* MyFoundation in Resources */ = {isa = PBXBuildFile; fileRef = 01897DD223961FEE00D9E4FB /* MyFoundation */; };
		01897DD42396203A00D9E4FB /* MyFoundation in Frameworks */ = {isa = PBXBuildFile; fileRef = 01897DD223961FEE00D9E4FB /* MyFoundation */; };
/* End PBXBuildFile section */

/* Begin PBXContainerItemProxy section */
		01897DAF23961D8200D9E4FB /* PBXContainerItemProxy */ = {
			isa = PBXContainerItemProxy;
			containerPortal = 01897D9023961D8100D9E4FB /* Project object */;
			proxyType = 1;
			remoteGlobalIDString = 01897D9723961D8100D9E4FB;
			remoteInfo = TestSPM;
		};
		01897DBA23961D8200D9E4FB /* PBXContainerItemProxy */ = {
			isa = PBXContainerItemProxy;
			containerPortal = 01897D9023961D8100D9E4FB /* Project object */;
			proxyType = 1;
			remoteGlobalIDString = 01897D9723961D8100D9E4FB;
			remoteInfo = TestSPM;
		};
/* End PBXContainerItemProxy section */

/* Begin PBXFileReference section */
		01897D9823961D8100D9E4FB /* TestSPM.app */ = {isa = PBXFileReference; explicitFileType = wrapper.application; includeInIndex = 0; path = TestSPM.app; sourceTree = BUILT_PRODUCTS_DIR; };
		01897D9B23961D8100D9E4FB /* AppDelegate.swift */ = {isa = PBXFileReference; lastKnownFileType = sourcecode.swift; path = AppDelegate.swift; sourceTree = "<group>"; };
		01897D9D23961D8100D9E4FB /* SceneDelegate.swift */ = {isa = PBXFileReference; lastKnownFileType = sourcecode.swift; path = SceneDelegate.swift; sourceTree = "<group>"; };
		01897D9F23961D8100D9E4FB /* ContentView.swift */ = {isa = PBXFileReference; lastKnownFileType = sourcecode.swift; path = ContentView.swift; sourceTree = "<group>"; };
		01897DA123961D8200D9E4FB /* Assets.xcassets */ = {isa = PBXFileReference; lastKnownFileType = folder.assetcatalog; path = Assets.xcassets; sourceTree = "<group>"; };
		01897DA423961D8200D9E4FB /* Preview Assets.xcassets */ = {isa = PBXFileReference; lastKnownFileType = folder.assetcatalog; path = "Preview Assets.xcassets"; sourceTree = "<group>"; };
		01897DA723961D8200D9E4FB /* Base */ = {isa = PBXFileReference; lastKnownFileType = file.storyboard; name = Base; path = Base.lproj/LaunchScreen.storyboard; sourceTree = "<group>"; };
		01897DA923961D8200D9E4FB /* Info.plist */ = {isa = PBXFileReference; lastKnownFileType = text.plist.xml; path = Info.plist; sourceTree = "<group>"; };
		01897DAE23961D8200D9E4FB /* TestSPMTests.xctest */ = {isa = PBXFileReference; explicitFileType = wrapper.cfbundle; includeInIndex = 0; path = TestSPMTests.xctest; sourceTree = BUILT_PRODUCTS_DIR; };
		01897DB223961D8200D9E4FB /* TestSPMTests.swift */ = {isa = PBXFileReference; lastKnownFileType = sourcecode.swift; path = TestSPMTests.swift; sourceTree = "<group>"; };
		01897DB423961D8200D9E4FB /* Info.plist */ = {isa = PBXFileReference; lastKnownFileType = text.plist.xml; path = Info.plist; sourceTree = "<group>"; };
		01897DB923961D8200D9E4FB /* TestSPMUITests.xctest */ = {isa = PBXFileReference; explicitFileType = wrapper.cfbundle; includeInIndex = 0; path = TestSPMUITests.xctest; sourceTree = BUILT_PRODUCTS_DIR; };
		01897DBD23961D8200D9E4FB /* TestSPMUITests.swift */ = {isa = PBXFileReference; lastKnownFileType = sourcecode.swift; path = TestSPMUITests.swift; sourceTree = "<group>"; };
		01897DBF23961D8200D9E4FB /* Info.plist */ = {isa = PBXFileReference; lastKnownFileType = text.plist.xml; path = Info.plist; sourceTree = "<group>"; };
		01897DD223961FEE00D9E4FB /* MyFoundation */ = {isa = PBXFileReference; lastKnownFileType = text; name = MyFoundation; path = Packages/MyFoundation; sourceTree = SOURCE_ROOT; };
/* End PBXFileReference section */

/* Begin PBXFrameworksBuildPhase section */
		01897D9523961D8100D9E4FB /* Frameworks */ = {
			isa = PBXFrameworksBuildPhase;
			buildActionMask = 2147483647;
			files = (
				01897DD42396203A00D9E4FB /* MyFoundation in Frameworks */,
			);
			runOnlyForDeploymentPostprocessing = 0;
		};
		01897DAB23961D8200D9E4FB /* Frameworks */ = {
			isa = PBXFrameworksBuildPhase;
			buildActionMask = 2147483647;
			files = (
			);
			runOnlyForDeploymentPostprocessing = 0;
		};
		01897DB623961D8200D9E4FB /* Frameworks */ = {
			isa = PBXFrameworksBuildPhase;
			buildActionMask = 2147483647;
			files = (
			);
			runOnlyForDeploymentPostprocessing = 0;
		};
/* End PBXFrameworksBuildPhase section */

/* Begin PBXGroup section */
		01897D8F23961D8100D9E4FB = {
			isa = PBXGroup;
			children = (
				01897DD123961FE600D9E4FB /* Packages */,
				01897D9A23961D8100D9E4FB /* TestSPM */,
				01897DB123961D8200D9E4FB /* TestSPMTests */,
				01897DBC23961D8200D9E4FB /* TestSPMUITests */,
				01897D9923961D8100D9E4FB /* Products */,
				01897DCD23961DDF00D9E4FB /* Frameworks */,
			);
			sourceTree = "<group>";
		};
		01897D9923961D8100D9E4FB /* Products */ = {
			isa = PBXGroup;
			children = (
				01897D9823961D8100D9E4FB /* TestSPM.app */,
				01897DAE23961D8200D9E4FB /* TestSPMTests.xctest */,
				01897DB923961D8200D9E4FB /* TestSPMUITests.xctest */,
			);
			name = Products;
			sourceTree = "<group>";
		};
		01897D9A23961D8100D9E4FB /* TestSPM */ = {
			isa = PBXGroup;
			children = (
				01897D9B23961D8100D9E4FB /* AppDelegate.swift */,
				01897D9D23961D8100D9E4FB /* SceneDelegate.swift */,
				01897D9F23961D8100D9E4FB /* ContentView.swift */,
				01897DA123961D8200D9E4FB /* Assets.xcassets */,
				01897DA623961D8200D9E4FB /* LaunchScreen.storyboard */,
				01897DA923961D8200D9E4FB /* Info.plist */,
				01897DA323961D8200D9E4FB /* Preview Content */,
			);
			path = TestSPM;
			sourceTree = "<group>";
		};
		01897DA323961D8200D9E4FB /* Preview Content */ = {
			isa = PBXGroup;
			children = (
				01897DA423961D8200D9E4FB /* Preview Assets.xcassets */,
			);
			path = "Preview Content";
			sourceTree = "<group>";
		};
		01897DB123961D8200D9E4FB /* TestSPMTests */ = {
			isa = PBXGroup;
			children = (
				01897DB223961D8200D9E4FB /* TestSPMTests.swift */,
				01897DB423961D8200D9E4FB /* Info.plist */,
			);
			path = TestSPMTests;
			sourceTree = "<group>";
		};
		01897DBC23961D8200D9E4FB /* TestSPMUITests */ = {
			isa = PBXGroup;
			children = (
				01897DBD23961D8200D9E4FB /* TestSPMUITests.swift */,
				01897DBF23961D8200D9E4FB /* Info.plist */,
			);
			path = TestSPMUITests;
			sourceTree = "<group>";
		};
		01897DCD23961DDF00D9E4FB /* Frameworks */ = {
			isa = PBXGroup;
			children = (
			);
			name = Frameworks;
			sourceTree = "<group>";
		};
		01897DD123961FE600D9E4FB /* Packages */ = {
			isa = PBXGroup;
			children = (
				01897DD223961FEE00D9E4FB /* MyFoundation */,
			);
			name = Packages;
			path = TestSPM/Packages;
			sourceTree = "<group>";
		};
/* End PBXGroup section */

/* Begin PBXNativeTarget section */
		01897D9723961D8100D9E4FB /* TestSPM */ = {
			isa = PBXNativeTarget;
			buildConfigurationList = 01897DC223961D8200D9E4FB /* Build configuration list for PBXNativeTarget "TestSPM" */;
			buildPhases = (
				01897D9423961D8100D9E4FB /* Sources */,
				01897D9523961D8100D9E4FB /* Frameworks */,
				01897D9623961D8100D9E4FB /* Resources */,
			);
			buildRules = (
			);
			dependencies = (
			);
			name = TestSPM;
			productName = TestSPM;
			productReference = 01897D9823961D8100D9E4FB /* TestSPM.app */;
			productType = "com.apple.product-type.application";
		};
		01897DAD23961D8200D9E4FB /* TestSPMTests */ = {
			isa = PBXNativeTarget;
			buildConfigurationList = 01897DC523961D8200D9E4FB /* Build configuration list for PBXNativeTarget "TestSPMTests" */;
			buildPhases = (
				01897DAA23961D8200D9E4FB /* Sources */,
				01897DAB23961D8200D9E4FB /* Frameworks */,
				01897DAC23961D8200D9E4FB /* Resources */,
			);
			buildRules = (
			);
			dependencies = (
				01897DB023961D8200D9E4FB /* PBXTargetDependency */,
			);
			name = TestSPMTests;
			productName = TestSPMTests;
			productReference = 01897DAE23961D8200D9E4FB /* TestSPMTests.xctest */;
			productType = "com.apple.product-type.bundle.unit-test";
		};
		01897DB823961D8200D9E4FB /* TestSPMUITests */ = {
			isa = PBXNativeTarget;
			buildConfigurationList = 01897DC823961D8200D9E4FB /* Build configuration list for PBXNativeTarget "TestSPMUITests" */;
			buildPhases = (
				01897DB523961D8200D9E4FB /* Sources */,
				01897DB623961D8200D9E4FB /* Frameworks */,
				01897DB723961D8200D9E4FB /* Resources */,
			);
			buildRules = (
			);
			dependencies = (
				01897DBB23961D8200D9E4FB /* PBXTargetDependency */,
			);
			name = TestSPMUITests;
			productName = TestSPMUITests;
			productReference = 01897DB923961D8200D9E4FB /* TestSPMUITests.xctest */;
			productType = "com.apple.product-type.bundle.ui-testing";
		};
/* End PBXNativeTarget section */

/* Begin PBXProject section */
		01897D9023961D8100D9E4FB /* Project object */ = {
			isa = PBXProject;
			attributes = {
				LastSwiftUpdateCheck = 1110;
				LastUpgradeCheck = 1110;
				ORGANIZATIONNAME = Example;
				TargetAttributes = {
					01897D9723961D8100D9E4FB = {
						CreatedOnToolsVersion = 11.1;
					};
					01897DAD23961D8200D9E4FB = {
						CreatedOnToolsVersion = 11.1;
						TestTargetID = 01897D9723961D8100D9E4FB;
					};
					01897DB823961D8200D9E4FB = {
						CreatedOnToolsVersion = 11.1;
						TestTargetID = 01897D9723961D8100D9E4FB;
					};
				};
			};
			buildConfigurationList = 01897D9323961D8100D9E4FB /* Build configuration list for PBXProject "TestSPM" */;
			compatibilityVersion = "Xcode 9.3";
			developmentRegion = en;
			hasScannedForEncodings = 0;
			knownRegions = (
				en,
				Base,
			);
			mainGroup = 01897D8F23961D8100D9E4FB;
			productRefGroup = 01897D9923961D8100D9E4FB /* Products */;
			projectDirPath = "";
			projectRoot = "";
			targets = (
				01897D9723961D8100D9E4FB /* TestSPM */,
				01897DAD23961D8200D9E4FB /* TestSPMTests */,
				01897DB823961D8200D9E4FB /* TestSPMUITests */,
			);
		};
/* End PBXProject section */

/* Begin PBXResourcesBuildPhase section */
		01897D9623961D8100D9E4FB /* Resources */ = {
			isa = PBXResourcesBuildPhase;
			buildActionMask = 2147483647;
			files = (
				01897DA823961D8200D9E4FB /* LaunchScreen.storyboard in Resources */,
				01897DA523961D8200D9E4FB /* Preview Assets.xcassets in Resources */,
				01897DA223961D8200D9E4FB /* Assets.xcassets in Resources */,
				01897DD32396203200D9E4FB /* MyFoundation in Resources */,
			);
			runOnlyForDeploymentPostprocessing = 0;
		};
		01897DAC23961D8200D9E4FB /* Resources */ = {
			isa = PBXResourcesBuildPhase;
			buildActionMask = 2147483647;
			files = (
			);
			runOnlyForDeploymentPostprocessing = 0;
		};
		01897DB723961D8200D9E4FB /* Resources */ = {
			isa = PBXResourcesBuildPhase;
			buildActionMask = 2147483647;
			files = (
			);
			runOnlyForDeploymentPostprocessing = 0;
		};
/* End PBXResourcesBuildPhase section */

/* Begin PBXSourcesBuildPhase section */
		01897D9423961D8100D9E4FB /* Sources */ = {
			isa = PBXSourcesBuildPhase;
			buildActionMask = 2147483647;
			files = (
				01897D9C23961D8100D9E4FB /* AppDelegate.swift in Sources */,
				01897D9E23961D8100D9E4FB /* SceneDelegate.swift in Sources */,
				01897DA023961D8100D9E4FB /* ContentView.swift in Sources */,
			);
			runOnlyForDeploymentPostprocessing = 0;
		};
		01897DAA23961D8200D9E4FB /* Sources */ = {
			isa = PBXSourcesBuildPhase;
			buildActionMask = 2147483647;
			files = (
				01897DB323961D8200D9E4FB /* TestSPMTests.swift in Sources */,
			);
			runOnlyForDeploymentPostprocessing = 0;
		};
		01897DB523961D8200D9E4FB /* Sources */ = {
			isa = PBXSourcesBuildPhase;
			buildActionMask = 2147483647;
			files = (
				01897DBE23961D8200D9E4FB /* TestSPMUITests.swift in Sources */,
			);
			runOnlyForDeploymentPostprocessing = 0;
		};
/* End PBXSourcesBuildPhase section */

/* Begin PBXTargetDependency section */
		01897DB023961D8200D9E4FB /* PBXTargetDependency */ = {
			isa = PBXTargetDependency;
			target = 01897D9723961D8100D9E4FB /* TestSPM */;
			targetProxy = 01897DAF23961D8200D9E4FB /* PBXContainerItemProxy */;
		};
		01897DBB23961D8200D9E4FB /* PBXTargetDependency */ = {
			isa = PBXTargetDependency;
			target = 01897D9723961D8100D9E4FB /* TestSPM */;
			targetProxy = 01897DBA23961D8200D9E4FB /* PBXContainerItemProxy */;
		};
/* End PBXTargetDependency section */

/* Begin PBXVariantGroup section */
		01897DA623961D8200D9E4FB /* LaunchScreen.storyboard */ = {
			isa = PBXVariantGroup;
			children = (
				01897DA723961D8200D9E4FB /* Base */,
			);
			name = LaunchScreen.storyboard;
			sourceTree = "<group>";
		};
/* End PBXVariantGroup section */

/* Begin XCBuildConfiguration section */
		01897DC023961D8200D9E4FB /* Debug */ = {
			isa = XCBuildConfiguration;
			buildSettings = {
				ALWAYS_SEARCH_USER_PATHS = NO;
				CLANG_ANALYZER_NONNULL = YES;
				CLANG_ANALYZER_NUMBER_OBJECT_CONVERSION = YES_AGGRESSIVE;
				CLANG_CXX_LANGUAGE_STANDARD = "gnu++14";
				CLANG_CXX_LIBRARY = "libc++";
				CLANG_ENABLE_MODULES = YES;
				CLANG_ENABLE_OBJC_ARC = YES;
				CLANG_ENABLE_OBJC_WEAK = YES;
				CLANG_WARN_BLOCK_CAPTURE_AUTORELEASING = YES;
				CLANG_WARN_BOOL_CONVERSION = YES;
				CLANG_WARN_COMMA = YES;
				CLANG_WARN_CONSTANT_CONVERSION = YES;
				CLANG_WARN_DEPRECATED_OBJC_IMPLEMENTATIONS = YES;
				CLANG_WARN_DIRECT_OBJC_ISA_USAGE = YES_ERROR;
				CLANG_WARN_DOCUMENTATION_COMMENTS = YES;
				CLANG_WARN_EMPTY_BODY = YES;
				CLANG_WARN_ENUM_CONVERSION = YES;
				CLANG_WARN_INFINITE_RECURSION = YES;
				CLANG_WARN_INT_CONVERSION = YES;
				CLANG_WARN_NON_LITERAL_NULL_CONVERSION = YES;
				CLANG_WARN_OBJC_IMPLICIT_RETAIN_SELF = YES;
				CLANG_WARN_OBJC_LITERAL_CONVERSION = YES;
				CLANG_WARN_OBJC_ROOT_CLASS = YES_ERROR;
				CLANG_WARN_RANGE_LOOP_ANALYSIS = YES;
				CLANG_WARN_STRICT_PROTOTYPES = YES;
				CLANG_WARN_SUSPICIOUS_MOVE = YES;
				CLANG_WARN_UNGUARDED_AVAILABILITY = YES_AGGRESSIVE;
				CLANG_WARN_UNREACHABLE_CODE = YES;
				CLANG_WARN__DUPLICATE_METHOD_MATCH = YES;
				COPY_PHASE_STRIP = NO;
				DEBUG_INFORMATION_FORMAT = dwarf;
				ENABLE_STRICT_OBJC_MSGSEND = YES;
				ENABLE_TESTABILITY = YES;
				GCC_C_LANGUAGE_STANDARD = gnu11;
				GCC_DYNAMIC_NO_PIC = NO;
				GCC_NO_COMMON_BLOCKS = YES;
				GCC_OPTIMIZATION_LEVEL = 0;
				GCC_PREPROCESSOR_DEFINITIONS = (
					"DEBUG=1",
					"$(inherited)",
				);
				GCC_WARN_64_TO_32_BIT_CONVERSION = YES;
				GCC_WARN_ABOUT_RETURN_TYPE = YES_ERROR;
				GCC_WARN_UNDECLARED_SELECTOR = YES;
				GCC_WARN_UNINITIALIZED_AUTOS = YES_AGGRESSIVE;
				GCC_WARN_UNUSED_FUNCTION = YES;
				GCC_WARN_UNUSED_VARIABLE = YES;
				IPHONEOS_DEPLOYMENT_TARGET = 13.1;
				MTL_ENABLE_DEBUG_INFO = INCLUDE_SOURCE;
				MTL_FAST_MATH = YES;
				ONLY_ACTIVE_ARCH = YES;
				SDKROOT = iphoneos;
				SWIFT_ACTIVE_COMPILATION_CONDITIONS = DEBUG;
				SWIFT_OPTIMIZATION_LEVEL = "-Onone";
			};
			name = Debug;
		};
		01897DC123961D8200D9E4FB /* Release */ = {
			isa = XCBuildConfiguration;
			buildSettings = {
				ALWAYS_SEARCH_USER_PATHS = NO;
				CLANG_ANALYZER_NONNULL = YES;
				CLANG_ANALYZER_NUMBER_OBJECT_CONVERSION = YES_AGGRESSIVE;
				CLANG_CXX_LANGUAGE_STANDARD = "gnu++14";
				CLANG_CXX_LIBRARY = "libc++";
				CLANG_ENABLE_MODULES = YES;
				CLANG_ENABLE_OBJC_ARC = YES;
				CLANG_ENABLE_OBJC_WEAK = YES;
				CLANG_WARN_BLOCK_CAPTURE_AUTORELEASING = YES;
				CLANG_WARN_BOOL_CONVERSION = YES;
				CLANG_WARN_COMMA = YES;
				CLANG_WARN_CONSTANT_CONVERSION = YES;
				CLANG_WARN_DEPRECATED_OBJC_IMPLEMENTATIONS = YES;
				CLANG_WARN_DIRECT_OBJC_ISA_USAGE = YES_ERROR;
				CLANG_WARN_DOCUMENTATION_COMMENTS = YES;
				CLANG_WARN_EMPTY_BODY = YES;
				CLANG_WARN_ENUM_CONVERSION = YES;
				CLANG_WARN_INFINITE_RECURSION = YES;
				CLANG_WARN_INT_CONVERSION = YES;
				CLANG_WARN_NON_LITERAL_NULL_CONVERSION = YES;
				CLANG_WARN_OBJC_IMPLICIT_RETAIN_SELF = YES;
				CLANG_WARN_OBJC_LITERAL_CONVERSION = YES;
				CLANG_WARN_OBJC_ROOT_CLASS = YES_ERROR;
				CLANG_WARN_RANGE_LOOP_ANALYSIS = YES;
				CLANG_WARN_STRICT_PROTOTYPES = YES;
				CLANG_WARN_SUSPICIOUS_MOVE = YES;
				CLANG_WARN_UNGUARDED_AVAILABILITY = YES_AGGRESSIVE;
				CLANG_WARN_UNREACHABLE_CODE = YES;
				CLANG_WARN__DUPLICATE_METHOD_MATCH = YES;
				COPY_PHASE_STRIP = NO;
				DEBUG_INFORMATION_FORMAT = "dwarf-with-dsym";
				ENABLE_NS_ASSERTIONS = NO;
				ENABLE_STRICT_OBJC_MSGSEND = YES;
				GCC_C_LANGUAGE_STANDARD = gnu11;
				GCC_NO_COMMON_BLOCKS = YES;
				GCC_WARN_64_TO_32_BIT_CONVERSION = YES;
				GCC_WARN_ABOUT_RETURN_TYPE = YES_ERROR;
				GCC_WARN_UNDECLARED_SELECTOR = YES;
				GCC_WARN_UNINITIALIZED_AUTOS = YES_AGGRESSIVE;
				GCC_WARN_UNUSED_FUNCTION = YES;
				GCC_WARN_UNUSED_VARIABLE = YES;
				IPHONEOS_DEPLOYMENT_TARGET = 13.1;
				MTL_ENABLE_DEBUG_INFO = NO;
				MTL_FAST_MATH = YES;
				SDKROOT = iphoneos;
				SWIFT_COMPILATION_MODE = wholemodule;
				SWIFT_OPTIMIZATION_LEVEL = "-O";
				VALIDATE_PRODUCT = YES;
			};
			name = Release;
		};
		01897DC323961D8200D9E4FB /* Debug */ = {
			isa = XCBuildConfiguration;
			buildSettings = {
				ASSETCATALOG_COMPILER_APPICON_NAME = AppIcon;
				CODE_SIGN_STYLE = Automatic;
				DEVELOPMENT_ASSET_PATHS = "\"TestSPM/Preview Content\"";
				ENABLE_PREVIEWS = YES;
				INFOPLIST_FILE = TestSPM/Info.plist;
				LD_RUNPATH_SEARCH_PATHS = (
					"$(inherited)",
					"@executable_path/Frameworks",
				);
				PRODUCT_BUNDLE_IDENTIFIER = me.example.TestSPM;
				PRODUCT_NAME = "$(TARGET_NAME)";
				SWIFT_VERSION = 5.0;
				TARGETED_DEVICE_FAMILY = "1,2";
			};
			name = Debug;
		};
		01897DC423961D8200D9E4FB /* Release */ = {
			isa = XCBuildConfiguration;
			buildSettings = {
				ASSETCATALOG_COMPILER_APPICON_NAME = AppIcon;
				CODE_SIGN_STYLE = Automatic;
				DEVELOPMENT_ASSET_PATHS = "\"TestSPM/Preview Content\"";
				ENABLE_PREVIEWS = YES;
				INFOPLIST_FILE = TestSPM/Info.plist;
				LD_RUNPATH_SEARCH_PATHS = (
					"$(inherited)",
					"@executable_path/Frameworks",
				);
				PRODUCT_BUNDLE_IDENTIFIER = me.example.TestSPM;
				PRODUCT_NAME = "$(TARGET_NAME)";
				SWIFT_VERSION = 5.0;
				TARGETED_DEVICE_FAMILY = "1,2";
			};
			name = Release;
		};
		01897DC623961D8200D9E4FB /* Debug */ = {
			isa = XCBuildConfiguration;
			buildSettings = {
				ALWAYS_EMBED_SWIFT_STANDARD_LIBRARIES = YES;
				BUNDLE_LOADER = "$(TEST_HOST)";
				CODE_SIGN_STYLE = Automatic;
				INFOPLIST_FILE = TestSPMTests/Info.plist;
				IPHONEOS_DEPLOYMENT_TARGET = 13.1;
				LD_RUNPATH_SEARCH_PATHS = (
					"$(inherited)",
					"@executable_path/Frameworks",
					"@loader_path/Frameworks",
				);
				PRODUCT_BUNDLE_IDENTIFIER = me.example.TestSPMTests;
				PRODUCT_NAME = "$(TARGET_NAME)";
				SWIFT_VERSION = 5.0;
				TARGETED_DEVICE_FAMILY = "1,2";
				TEST_HOST = "$(BUILT_PRODUCTS_DIR)/TestSPM.app/TestSPM";
			};
			name = Debug;
		};
		01897DC723961D8200D9E4FB /* Release */ = {
			isa = XCBuildConfiguration;
			buildSettings = {
				ALWAYS_EMBED_SWIFT_STANDARD_LIBRARIES = YES;
				BUNDLE_LOADER = "$(TEST_HOST)";
				CODE_SIGN_STYLE = Automatic;
				INFOPLIST_FILE = TestSPMTests/Info.plist;
				IPHONEOS_DEPLOYMENT_TARGET = 13.1;
				LD_RUNPATH_SEARCH_PATHS = (
					"$(inherited)",
					"@executable_path/Frameworks",
					"@loader_path/Frameworks",
				);
				PRODUCT_BUNDLE_IDENTIFIER = me.example.TestSPMTests;
				PRODUCT_NAME = "$(TARGET_NAME)";
				SWIFT_VERSION = 5.0;
				TARGETED_DEVICE_FAMILY = "1,2";
				TEST_HOST = "$(BUILT_PRODUCTS_DIR)/TestSPM.app/TestSPM";
			};
			name = Release;
		};
		01897DC923961D8200D9E4FB /* Debug */ = {
			isa = XCBuildConfiguration;
			buildSettings = {
				ALWAYS_EMBED_SWIFT_STANDARD_LIBRARIES = YES;
				CODE_SIGN_STYLE = Automatic;
				INFOPLIST_FILE = TestSPMUITests/Info.plist;
				LD_RUNPATH_SEARCH_PATHS = (
					"$(inherited)",
					"@executable_path/Frameworks",
					"@loader_path/Frameworks",
				);
				PRODUCT_BUNDLE_IDENTIFIER = me.example.TestSPMUITests;
				PRODUCT_NAME = "$(TARGET_NAME)";
				SWIFT_VERSION = 5.0;
				TARGETED_DEVICE_FAMILY = "1,2";
				TEST_TARGET_NAME = TestSPM;
			};
			name = Debug;
		};
		01897DCA23961D8200D9E4FB /* Release */ = {
			isa = XCBuildConfiguration;
			buildSettings = {
				ALWAYS_EMBED_SWIFT_STANDARD_LIBRARIES = YES;
				CODE_SIGN_STYLE = Automatic;
				INFOPLIST_FILE = TestSPMUITests/Info.plist;
				LD_RUNPATH_SEARCH_PATHS = (
					"$(inherited)",
					"@executable_path/Frameworks",
					"@loader_path/Frameworks",
				);
				PRODUCT_BUNDLE_IDENTIFIER = me.example.TestSPMUITests;
				PRODUCT_NAME = "$(TARGET_NAME)";
				SWIFT_VERSION = 5.0;
				TARGETED_DEVICE_FAMILY = "1,2";
				TEST_TARGET_NAME = TestSPM;
			};
			name = Release;
		};
/* End XCBuildConfiguration section */

/* Begin XCConfigurationList section */
		01897D9323961D8100D9E4FB /* Build configuration list for PBXProject "TestSPM" */ = {
			isa = XCConfigurationList;
			buildConfigurations = (
				01897DC023961D8200D9E4FB /* Debug */,
				01897DC123961D8200D9E4FB /* Release */,
			);
			defaultConfigurationIsVisible = 0;
			defaultConfigurationName = Release;
		};
		01897DC223961D8200D9E4FB /* Build configuration list for PBXNativeTarget "TestSPM" */ = {
			isa = XCConfigurationList;
			buildConfigurations = (
				01897DC323961D8200D9E4FB /* Debug */,
				01897DC423961D8200D9E4FB /* Release */,
			);
			defaultConfigurationIsVisible = 0;
			defaultConfigurationName = Release;
		};
		01897DC523961D8200D9E4FB /* Build configuration list for PBXNativeTarget "TestSPMTests" */ = {
			isa = XCConfigurationList;
			buildConfigurations = (
				01897DC623961D8200D9E4FB /* Debug */,
				01897DC723961D8200D9E4FB /* Release */,
			);
			defaultConfigurationIsVisible = 0;
			defaultConfigurationName = Release;
		};
		01897DC823961D8200D9E4FB /* Build configuration list for PBXNativeTarget "TestSPMUITests" */ = {
			isa = XCConfigurationList;
			buildConfigurations = (
				01897DC923961D8200D9E4FB /* Debug */,
				01897DCA23961D8200D9E4FB /* Release */,
			);
			defaultConfigurationIsVisible = 0;
			defaultConfigurationName = Release;
		};
/* End XCConfigurationList section */
	};
	rootObject = 01897D9023961D8100D9E4FB /* Project object */;
}
